{
  "name": "ros-mirrors",
  "version": "1.0.0",
  "lockfileVersion": 1,
  "requires": true,
  "dependencies": {
    "@types/accepts": {
      "version": "1.3.5",
      "resolved": "https://registry.npmjs.org/@types/accepts/-/accepts-1.3.5.tgz",
      "integrity": "sha512-jOdnI/3qTpHABjM5cx1Hc0sKsPoYCp+DP/GJRGtDlPd7fiV9oXGGIcjW/ZOxLIvjGz8MA+uMZI9metHlgqbgwQ==",
      "dev": true,
      "requires": {
        "@types/node": "*"
      }
    },
    "@types/body-parser": {
      "version": "1.17.1",
      "resolved": "https://registry.npmjs.org/@types/body-parser/-/body-parser-1.17.1.tgz",
      "integrity": "sha512-RoX2EZjMiFMjZh9lmYrwgoP9RTpAjSHiJxdp4oidAQVO02T7HER3xj9UKue5534ULWeqVEkujhWcyvUce+d68w==",
      "dev": true,
      "requires": {
        "@types/connect": "*",
        "@types/node": "*"
      }
    },
    "@types/connect": {
      "version": "3.4.33",
      "resolved": "https://registry.npmjs.org/@types/connect/-/connect-3.4.33.tgz",
      "integrity": "sha512-2+FrkXY4zllzTNfJth7jOqEHC+enpLeGslEhpnTAkg21GkRrWV4SsAtqchtT4YS9/nODBU2/ZfsBY2X4J/dX7A==",
      "dev": true,
      "requires": {
        "@types/node": "*"
      }
    },
    "@types/cookies": {
      "version": "0.7.4",
      "resolved": "https://registry.npmjs.org/@types/cookies/-/cookies-0.7.4.tgz",
      "integrity": "sha512-oTGtMzZZAVuEjTwCjIh8T8FrC8n/uwy+PG0yTvQcdZ7etoel7C7/3MSd7qrukENTgQtotG7gvBlBojuVs7X5rw==",
      "dev": true,
      "requires": {
        "@types/connect": "*",
        "@types/express": "*",
        "@types/keygrip": "*",
        "@types/node": "*"
      }
    },
    "@types/express": {
      "version": "4.17.2",
      "resolved": "https://registry.npmjs.org/@types/express/-/express-4.17.2.tgz",
      "integrity": "sha512-5mHFNyavtLoJmnusB8OKJ5bshSzw+qkMIBAobLrIM48HJvunFva9mOa6aBwh64lBFyNwBbs0xiEFuj4eU/NjCA==",
      "dev": true,
      "requires": {
        "@types/body-parser": "*",
        "@types/express-serve-static-core": "*",
        "@types/serve-static": "*"
      }
    },
    "@types/express-serve-static-core": {
      "version": "4.17.1",
      "resolved": "https://registry.npmjs.org/@types/express-serve-static-core/-/express-serve-static-core-4.17.1.tgz",
      "integrity": "sha512-9e7jj549ZI+RxY21Cl0t8uBnWyb22HzILupyHZjYEVK//5TT/1bZodU+yUbLnPdoYViBBnNWbxp4zYjGV0zUGw==",
      "dev": true,
      "requires": {
        "@types/node": "*",
        "@types/range-parser": "*"
      }
    },
    "@types/http-assert": {
      "version": "1.5.1",
      "resolved": "https://registry.npmjs.org/@types/http-assert/-/http-assert-1.5.1.tgz",
      "integrity": "sha512-PGAK759pxyfXE78NbKxyfRcWYA/KwW17X290cNev/qAsn9eQIxkH4shoNBafH37wewhDG/0p1cHPbK6+SzZjWQ==",
      "dev": true
    },
    "@types/keygrip": {
      "version": "1.0.2",
      "resolved": "https://registry.npmjs.org/@types/keygrip/-/keygrip-1.0.2.tgz",
      "integrity": "sha512-GJhpTepz2udxGexqos8wgaBx4I/zWIDPh/KOGEwAqtuGDkOUJu5eFvwmdBX4AmB8Odsr+9pHCQqiAqDL/yKMKw==",
      "dev": true
    },
    "@types/koa": {
      "version": "2.11.0",
      "resolved": "https://registry.npmjs.org/@types/koa/-/koa-2.11.0.tgz",
      "integrity": "sha512-Hgx/1/rVlJvqYBrdeCsS7PDiR2qbxlMt1RnmNWD4Uxi5FF9nwkYqIldo7urjc+dfNpk+2NRGcnAYd4L5xEhCcQ==",
      "dev": true,
      "requires": {
        "@types/accepts": "*",
        "@types/cookies": "*",
        "@types/http-assert": "*",
        "@types/keygrip": "*",
        "@types/koa-compose": "*",
        "@types/node": "*"
      }
    },
    "@types/koa-compose": {
      "version": "3.2.5",
      "resolved": "https://registry.npmjs.org/@types/koa-compose/-/koa-compose-3.2.5.tgz",
      "integrity": "sha512-B8nG/OoE1ORZqCkBVsup/AKcvjdgoHnfi4pZMn5UwAPCbhk/96xyv284eBYW8JlQbQ7zDmnpFr68I/40mFoIBQ==",
      "dev": true,
      "requires": {
        "@types/koa": "*"
      }
    },
    "@types/koa-route": {
      "version": "3.2.4",
      "resolved": "https://registry.npmjs.org/@types/koa-route/-/koa-route-3.2.4.tgz",
      "integrity": "sha512-jB4I4/HppiHiSFMqQvMC2Px5Zm8CExA7Bw7xW+o60xh4v0LrNTfKV7LMCGuJNRuUuTTiRcJvF1rbq5mINgQ1UQ==",
      "dev": true,
      "requires": {
        "@types/koa": "*",
        "path-to-regexp": "^1.7.0"
      }
    },
    "@types/mime": {
      "version": "2.0.1",
      "resolved": "https://registry.npmjs.org/@types/mime/-/mime-2.0.1.tgz",
      "integrity": "sha512-FwI9gX75FgVBJ7ywgnq/P7tw+/o1GUbtP0KzbtusLigAOgIgNISRK0ZPl4qertvXSIE8YbsVJueQ90cDt9YYyw==",
      "dev": true
    },
    "@types/node": {
      "version": "13.1.8",
      "resolved": "https://registry.npmjs.org/@types/node/-/node-13.1.8.tgz",
      "integrity": "sha512-6XzyyNM9EKQW4HKuzbo/CkOIjn/evtCmsU+MUM1xDfJ+3/rNjBttM1NgN7AOQvN6tP1Sl1D1PIKMreTArnxM9A==",
      "dev": true
    },
    "@types/range-parser": {
      "version": "1.2.3",
      "resolved": "https://registry.npmjs.org/@types/range-parser/-/range-parser-1.2.3.tgz",
      "integrity": "sha512-ewFXqrQHlFsgc09MK5jP5iR7vumV/BYayNC6PgJO2LPe8vrnNFyjQjSppfEngITi0qvfKtzFvgKymGheFM9UOA==",
      "dev": true
    },
    "@types/resolve": {
      "version": "1.14.0",
      "resolved": "https://registry.npmjs.org/@types/resolve/-/resolve-1.14.0.tgz",
      "integrity": "sha512-bmjNBW6tok+67iOsASeYSJxSgY++BIR35nGyGLORTDirhra9reJ0shgGL3U7KPDUbOBCx8JrlCjd4d/y5uiMRQ==",
      "dev": true,
      "requires": {
        "@types/node": "*"
      }
    },
    "@types/serve-static": {
      "version": "1.13.3",
      "resolved": "https://registry.npmjs.org/@types/serve-static/-/serve-static-1.13.3.tgz",
      "integrity": "sha512-oprSwp094zOglVrXdlo/4bAHtKTAxX6VT8FOZlBKrmyLbNvE1zxZyJ6yikMVtHIvwP45+ZQGJn+FdXGKTozq0g==",
      "dev": true,
      "requires": {
        "@types/express-serve-static-core": "*",
        "@types/mime": "*"
      }
    },
    "arg": {
      "version": "4.1.2",
      "resolved": "https://registry.npmjs.org/arg/-/arg-4.1.2.tgz",
      "integrity": "sha512-+ytCkGcBtHZ3V2r2Z06AncYO8jz46UEamcspGoU8lHcEbpn6J77QK0vdWvChsclg/tM5XIJC5tnjmPp7Eq6Obg=="
    },
    "buffer-from": {
      "version": "1.1.1",
      "resolved": "https://registry.npmjs.org/buffer-from/-/buffer-from-1.1.1.tgz",
      "integrity": "sha512-MQcXEUbCKtEo7bhqEs6560Hyd4XaovZlO/k9V3hjVUF/zwW7KBVdSK4gIt/bzwS9MbR5qob+F5jusZsb0YQK2A=="
    },
    "debug": {
      "version": "4.1.1",
      "resolved": "https://registry.npmjs.org/debug/-/debug-4.1.1.tgz",
      "integrity": "sha512-pYAIzeRo8J6KPEaJ0VWOh5Pzkbw/RetuzehGM7QRRX5he4fPHx2rdKMB256ehJCkX+XRQm16eZLqLNS8RSZXZw==",
      "requires": {
        "ms": "^2.1.1"
      }
    },
    "diff": {
      "version": "4.0.2",
      "resolved": "https://registry.npmjs.org/diff/-/diff-4.0.2.tgz",
      "integrity": "sha512-58lmxKSA4BNyLz+HHMUzlOEpg09FV+ev6ZMe3vJihgdxzgcwZ8VoEEPmALCZG9LmqfVoNMMKpttIYTVG6uDY7A=="
    },
    "isarray": {
      "version": "0.0.1",
      "resolved": "https://registry.npmjs.org/isarray/-/isarray-0.0.1.tgz",
      "integrity": "sha1-ihis/Kmo9Bd+Cav8YDiTmwXR7t8="
    },
    "koa-route": {
      "version": "3.2.0",
      "resolved": "https://registry.npmjs.org/koa-route/-/koa-route-3.2.0.tgz",
      "integrity": "sha1-dimLmaa8+p44yrb+XHmocz51i84=",
      "requires": {
        "debug": "*",
        "methods": "~1.1.0",
        "path-to-regexp": "^1.2.0"
      }
    },
    "make-error": {
      "version": "1.3.5",
      "resolved": "https://registry.npmjs.org/make-error/-/make-error-1.3.5.tgz",
      "integrity": "sha512-c3sIjNUow0+8swNwVpqoH4YCShKNFkMaw6oH1mNS2haDZQqkeZFlHS3dhoeEbKKmJB4vXpJucU6oH75aDYeE9g=="
    },
    "methods": {
      "version": "1.1.2",
      "resolved": "https://registry.npmjs.org/methods/-/methods-1.1.2.tgz",
      "integrity": "sha1-VSmk1nZUE07cxSZmVoNbD4Ua/O4="
    },
    "ms": {
      "version": "2.1.2",
      "resolved": "https://registry.npmjs.org/ms/-/ms-2.1.2.tgz",
      "integrity": "sha512-sGkPx+VjMtmA6MX27oA4FBFELFCZZ4S4XqeGOXCv68tT+jb3vk/RyaKWP0PTKyWtmLSM0b+adUTEvbs1PEaH2w=="
    },
    "path-parse": {
      "version": "1.0.6",
      "resolved": "https://registry.npmjs.org/path-parse/-/path-parse-1.0.6.tgz",
      "integrity": "sha512-GSmOT2EbHrINBf9SR7CDELwlJ8AENk3Qn7OikK4nFYAu3Ote2+JYNVvkpAEQm3/TLNEJFD/xZJjzyxg3KBWOzw=="
    },
    "path-to-regexp": {
      "version": "1.8.0",
      "resolved": "https://registry.npmjs.org/path-to-regexp/-/path-to-regexp-1.8.0.tgz",
      "integrity": "sha512-n43JRhlUKUAlibEJhPeir1ncUID16QnEjNpwzNdO3Lm4ywrBpBZ5oLD0I6br9evr1Y9JTqwRtAh7JLoOzAQdVA==",
      "requires": {
        "isarray": "0.0.1"
      }
    },
    "prettier": {
      "version": "1.19.1",
      "resolved": "https://registry.npmjs.org/prettier/-/prettier-1.19.1.tgz",
      "integrity": "sha512-s7PoyDv/II1ObgQunCbB9PdLmUcBZcnWOcxDh7O0N/UwDEsHyqkW+Qh28jW+mVuCdx7gLB0BotYI1Y6uI9iyew==",
      "dev": true
    },
    "resolve": {
      "version": "1.14.2",
      "resolved": "https://registry.npmjs.org/resolve/-/resolve-1.14.2.tgz",
      "integrity": "sha512-EjlOBLBO1kxsUxsKjLt7TAECyKW6fOh1VRkykQkKGzcBbjjPIxBqGh0jf7GJ3k/f5mxMqW3htMD3WdTUVtW8HQ==",
      "requires": {
        "path-parse": "^1.0.6"
      }
    },
    "source-map": {
      "version": "0.6.1",
      "resolved": "https://registry.npmjs.org/source-map/-/source-map-0.6.1.tgz",
      "integrity": "sha512-UjgapumWlbMhkBgzT7Ykc5YXUT46F0iKu8SGXq0bcwP5dz/h0Plj6enJqjz1Zbq2l5WaqYnrVbwWOWMyF3F47g=="
    },
    "source-map-support": {
      "version": "0.5.16",
      "resolved": "https://registry.npmjs.org/source-map-support/-/source-map-support-0.5.16.tgz",
      "integrity": "sha512-efyLRJDr68D9hBBNIPWFjhpFzURh+KJykQwvMyW5UiZzYwoF6l4YMMDIJJEyFWxWCqfyxLzz6tSfUFR+kXXsVQ==",
      "requires": {
        "buffer-from": "^1.0.0",
        "source-map": "^0.6.0"
      }
    },
    "ts-node": {
      "version": "8.6.2",
      "resolved": "https://registry.npmjs.org/ts-node/-/ts-node-8.6.2.tgz",
      "integrity": "sha512-4mZEbofxGqLL2RImpe3zMJukvEvcO1XP8bj8ozBPySdCUXEcU5cIRwR0aM3R+VoZq7iXc8N86NC0FspGRqP4gg==",
      "requires": {
        "arg": "^4.1.0",
        "diff": "^4.0.1",
        "make-error": "^1.1.1",
        "source-map-support": "^0.5.6",
        "yn": "3.1.1"
      }
    },
    "typescript": {
      "version": "3.7.5",
      "resolved": "https://registry.npmjs.org/typescript/-/typescript-3.7.5.tgz",
      "integrity": "sha512-/P5lkRXkWHNAbcJIiHPfRoKqyd7bsyCma1hZNUGfn20qm64T6ZBlrzprymeu918H+mB/0rIg2gGK/BXkhhYgBw=="
    },
    "yn": {
      "version": "3.1.1",
      "resolved": "https://registry.npmjs.org/yn/-/yn-3.1.1.tgz",
      "integrity": "sha512-Ux4ygGWsu2c7isFWe8Yu1YluJmqVhxqK2cLXNQA5AcC3QfbGNpM7fu0Y8b/z16pXLnFxZYvWhd3fhBY9DLmC6Q=="
    }
  }
}
